{
  "nodes": {
    "elo": {
      "inputs": {
        "gomod2nix": "gomod2nix",
        "nixpkgs": "nixpkgs"
      },
      "locked": {
        "lastModified": 1772818243,
        "narHash": "sha256-s6B6jVnXTOXVVfhautthuZAZXO7j5dAgdLClk7WDn48=",
        "owner": "tolyandre",
        "repo": "elo",
        "rev": "7951a2d76a5f8d2ceab86d58e40dc2926d4b14e2",
        "type": "github"
      },
      "original": {
        "owner": "tolyandre",
        "repo": "elo",
        "type": "github"
      }
    },
    "flake-utils": {
      "inputs": {
        "systems": "systems"
      },
      "locked": {
        "lastModified": 1731533236,
        "narHash": "sha256-l0KFg5HjrsfsO/JpG+r7fRrqm12kzFHyUHqHCVpMMbI=",
        "owner": "numtide",
        "repo": "flake-utils",
        "rev": "11707dc2f618dd54ca8739b309ec4fc024de578b",
        "type": "github"
      },
      "original": {
        "owner": "numtide",
        "repo": "flake-utils",
        "type": "github"
      }
    },
    "flake-utils_2": {
      "inputs": {
        "systems": "systems_2"
      },
      "locked": {
        "lastModified": 1731533236,
        "narHash": "sha256-l0KFg5HjrsfsO/JpG+r7fRrqm12kzFHyUHqHCVpMMbI=",
        "owner": "numtide",
        "repo": "flake-utils",
        "rev": "11707dc2f618dd54ca8739b309ec4fc024de578b",
        "type": "github"
      },
      "original": {
        "owner": "numtide",
        "repo": "flake-utils",
        "type": "github"
      }
    },
    "gomod2nix": {
      "inputs": {
        "flake-utils": "flake-utils",
        "nixpkgs": [
          "elo",
          "nixpkgs"
        ]
      },
      "locked": {
        "lastModified": 1770585520,
        "narHash": "sha256-yBz9Ozd5Wb56i3e3cHZ8WcbzCQ9RlVaiW18qDYA/AzA=",
        "owner": "nix-community",
        "repo": "gomod2nix",
        "rev": "1201ddd1279c35497754f016ef33d5e060f3da8d",
        "type": "github"
      },
      "original": {
        "owner": "nix-community",
        "repo": "gomod2nix",
        "type": "github"
      }
    },
    "home-manager": {
      "inputs": {
        "nixpkgs": "nixpkgs_2"
      },
      "locked": {
        "lastModified": 1772633058,
        "narHash": "sha256-SO7JapRy2HPhgmqiLbfnW1kMx5rakPMKZ9z3wtRLQjI=",
        "owner": "nix-community",
        "repo": "home-manager",
        "rev": "080657a04188aca25f8a6c70a0fb2ea7e37f1865",
        "type": "github"
      },
      "original": {
        "owner": "nix-community",
        "ref": "release-25.11",
        "repo": "home-manager",
        "type": "github"
      }
    },
    "nixpkgs": {
      "locked": {
        "lastModified": 1772598333,
        "narHash": "sha256-YaHht/C35INEX3DeJQNWjNaTcPjYmBwwjFJ2jdtr+5U=",
        "owner": "NixOS",
        "repo": "nixpkgs",
        "rev": "fabb8c9deee281e50b1065002c9828f2cf7b2239",
        "type": "github"
      },
      "original": {
        "owner": "NixOS",
        "ref": "nixos-25.11",
        "repo": "nixpkgs",
        "type": "github"
      }
    },
    "nixpkgs_2": {
      "locked": {
        "lastModified": 1772465433,
        "narHash": "sha256-ywy9troNEfpgh0Ee+zaV1UTgU8kYBVKtvPSxh6clYGU=",
        "owner": "NixOS",
        "repo": "nixpkgs",
        "rev": "c581273b8d5bdf1c6ce7e0a54da9841e6a763913",
        "type": "github"
      },
      "original": {
        "owner": "NixOS",
        "ref": "nixos-25.11",
        "repo": "nixpkgs",
        "type": "github"
      }
    },
    "nixpkgs_3": {
      "locked": {
        "lastModified": 1772822230,
        "narHash": "sha256-yf3iYLGbGVlIthlQIk5/4/EQDZNNEmuqKZkQssMljuw=",
        "owner": "NixOS",
        "repo": "nixpkgs",
        "rev": "71caefce12ba78d84fe618cf61644dce01cf3a96",
        "type": "github"
      },
      "original": {
        "owner": "NixOS",
        "ref": "nixos-25.11",
        "repo": "nixpkgs",
        "type": "github"
      }
    },
    "nixpkgs_4": {
      "locked": {
        "lastModified": 1772736753,
        "narHash": "sha256-au/m3+EuBLoSzWUCb64a/MZq6QUtOV8oC0D9tY2scPQ=",
        "owner": "NixOS",
        "repo": "nixpkgs",
        "rev": "917fec990948658ef1ccd07cef2a1ef060786846",
        "type": "github"
      },
      "original": {
        "owner": "NixOS",
        "ref": "nixpkgs-unstable",
        "repo": "nixpkgs",
        "type": "github"
      }
    },
    "root": {
      "inputs": {
        "elo": "elo",
        "flake-utils": "flake-utils_2",
        "home-manager": "home-manager",
        "nixpkgs": "nixpkgs_3",
        "secrets": "secrets",
        "sops-nix": "sops-nix"
      }
    },
    "secrets": {
      "locked": {
        "lastModified": 1772313058,
        "narHash": "sha256-4C/LCIX2zGGYsTjtSXB4HENrq3KXFgMTMV9rcwfZD20=",
        "ref": "refs/heads/main",
        "rev": "6a5516c60e9c4afdf23de8bea6fddd9448cd74d2",
        "revCount": 3,
        "type": "git",
        "url": "ssh://git@github.com/Tolyandre/dotfiles-secrets.git"
      },
      "original": {
        "type": "git",
        "url": "ssh://git@github.com/Tolyandre/dotfiles-secrets.git"
      }
    },
    "sops-nix": {
      "inputs": {
        "nixpkgs": "nixpkgs_4"
      },
      "locked": {
        "lastModified": 1772944399,
        "narHash": "sha256-xTzsSd3r5HBeufSZ3fszAn0ldfKctvsYG7tT2YJg5gY=",
        "owner": "Mic92",
        "repo": "sops-nix",
        "rev": "c8e69670b316d6788e435a3aa0bda74eb1b82cc0",
        "type": "github"
      },
      "original": {
        "owner": "Mic92",
        "repo": "sops-nix",
        "type": "github"
      }
    },
    "systems": {
      "locked": {
        "lastModified": 1681028828,
        "narHash": "sha256-Vy1rq5AaRuLzOxct8nz4T6wlgyUR7zLU309k9mBC768=",
        "owner": "nix-systems",
        "repo": "default",
        "rev": "da67096a3b9bf56a91d16901293e51ba5b49a27e",
        "type": "github"
      },
      "original": {
        "owner": "nix-systems",
        "repo": "default",
        "type": "github"
      }
    },
    "systems_2": {
      "locked": {
        "lastModified": 1681028828,
        "narHash": "sha256-Vy1rq5AaRuLzOxct8nz4T6wlgyUR7zLU309k9mBC768=",
        "owner": "nix-systems",
        "repo": "default",
        "rev": "da67096a3b9bf56a91d16901293e51ba5b49a27e",
        "type": "github"
      },
      "original": {
        "owner": "nix-systems",
        "repo": "default",
        "type": "github"
      }
    }
  },
  "root": "root",
  "version": 7
}
